
Microsoft Visual Studio Solution File, Format Version 12.00
# Visual Studio 15
Project("{FAE04EC0-301F-11D3-BF4B-00C04F79EFBC}") = "Assembly-CSharp", "Assembly-CSharp.csproj", "{4D33F557-D267-ABA6-621A-BB14D88A259E}"
EndProject
Project("{FAE04EC0-301F-11D3-BF4B-00C04F79EFBC}") = "Pcx", "Pcx.csproj", "{77BBAB9A-4728-5BF9-EAB7-430803367693}"
EndProject
Project("{FAE04EC0-301F-11D3-BF4B-00C04F79EFBC}") = "Pcx.Editor", "Pcx.Editor.csproj", "{BE8334FA-757C-6A2A-479D-63F3049D2F9E}"
EndProject
Global
	GlobalSection(SolutionConfigurationPlatforms) = preSolution
		Debug|Any CPU = Debug|Any CPU
		Release|Any CPU = Release|Any CPU
	EndGlobalSection
	GlobalSection(ProjectConfigurationPlatforms) = postSolution
		{4D33F557-D267-ABA6-621A-BB14D88A259E}.Debug|Any CPU.ActiveCfg = Debug|Any CPU
		{4D33F557-D267-ABA6-621A-BB14D88A259E}.Debug|Any CPU.Build.0 = Debug|Any CPU
		{4D33F557-D267-ABA6-621A-BB14D88A259E}.Release|Any CPU.ActiveCfg = Release|Any CPU
		{4D33F557-D267-ABA6-621A-BB14D88A259E}.Release|Any CPU.Build.0 = Release|Any CPU
		{77BBAB9A-4728-5BF9-EAB7-430803367693}.Debug|Any CPU.ActiveCfg = Debug|Any CPU
		{77BBAB9A-4728-5BF9-EAB7-430803367693}.Debug|Any CPU.Build.0 = Debug|Any CPU
		{77BBAB9A-4728-5BF9-EAB7-430803367693}.Release|Any CPU.ActiveCfg = Release|Any CPU
		{77BBAB9A-4728-5BF9-EAB7-430803367693}.Release|Any CPU.Build.0 = Release|Any CPU
		{BE8334FA-757C-6A2A-479D-63F3049D2F9E}.Debug|Any CPU.ActiveCfg = Debug|Any CPU
		{BE8334FA-757C-6A2A-479D-63F3049D2F9E}.Debug|Any CPU.Build.0 = Debug|Any CPU
		{BE8334FA-757C-6A2A-479D-63F3049D2F9E}.Release|Any CPU.ActiveCfg = Release|Any CPU
		{BE8334FA-757C-6A2A-479D-63F3049D2F9E}.Release|Any CPU.Build.0 = Release|Any CPU
	EndGlobalSection
	GlobalSection(SolutionProperties) = preSolution
		HideSolutionNode = FALSE
	EndGlobalSection
EndGlobal
